{
  "version": 4,
  "terraform_version": "1.0.7",
  "serial": 3,
  "lineage": "f67b5021-c9f3-603e-a63b-9f5db2480a31",
  "outputs": {},
  "resources": [
    {
      "mode": "managed",
      "type": "google_service_account",
      "name": "account",
      "provider": "provider[\"registry.terraform.io/hashicorp/google\"]",
      "instances": [
        {
          "schema_version": 0,
          "attributes": {
            "account_id": "account-id",
            "description": "",
            "display_name": "Account Name",
            "email": "account-id@gce-sample-326304.iam.gserviceaccount.com",
            "id": "projects/gce-sample-326304/serviceAccounts/account-id@gce-sample-326304.iam.gserviceaccount.com",
            "name": "projects/gce-sample-326304/serviceAccounts/account-id@gce-sample-326304.iam.gserviceaccount.com",
            "project": "gce-sample-326304",
            "timeouts": null,
            "unique_id": "107178399198926873510"
          },
          "sensitive_attributes": [],
          "private": "eyJlMmJmYjczMC1lY2FhLTExZTYtOGY4OC0zNDM2M2JjN2M0YzAiOnsiY3JlYXRlIjozMDAwMDAwMDAwMDB9fQ=="
        }
      ]
    }
  ]
}
